// !$*UTF8*$!
{
	archiveVersion = 1;
	classes = {
	};
	objectVersion = 46;
	objects = {

/* Begin PBXBuildFile section */
		5613E2CE1A86203500B97410 /* libAppsfireSDK.a in Frameworks */ = {isa = PBXBuildFile; fileRef = 5613E2BF1A86203500B97410 /* libAppsfireSDK.a */; };
		5613E2D01A86216100B97410 /* AdSupport.framework in Frameworks */ = {isa = PBXBuildFile; fileRef = 5613E2CF1A86216100B97410 /* AdSupport.framework */; };
		5613E2D21A86217200B97410 /* StoreKit.framework in Frameworks */ = {isa = PBXBuildFile; fileRef = 5613E2D11A86217200B97410 /* StoreKit.framework */; };
		5613E2D41A86218700B97410 /* Accelerate.framework in Frameworks */ = {isa = PBXBuildFile; fileRef = 5613E2D31A86218700B97410 /* Accelerate.framework */; };
		5613E2D61A86218E00B97410 /* Security.framework in Frameworks */ = {isa = PBXBuildFile; fileRef = 5613E2D51A86218E00B97410 /* Security.framework */; };
		5613E2D81A86219400B97410 /* MobileCoreServices.framework in Frameworks */ = {isa = PBXBuildFile; fileRef = 5613E2D71A86219400B97410 /* MobileCoreServices.framework */; };
		5613E2DA1A8621A100B97410 /* SystemConfiguration.framework in Frameworks */ = {isa = PBXBuildFile; fileRef = 5613E2D91A8621A100B97410 /* SystemConfiguration.framework */; };
		56243B4D193E606900615661 /* PPAppDelegate.swift in Sources */ = {isa = PBXBuildFile; fileRef = 56243B4C193E606900615661 /* PPAppDelegate.swift */; };
		56243B4F193E606900615661 /* Images.xcassets in Resources */ = {isa = PBXBuildFile; fileRef = 56243B4E193E606900615661 /* Images.xcassets */; };
		56243B5B193E606A00615661 /* PastepasswdTests.swift in Sources */ = {isa = PBXBuildFile; fileRef = 56243B5A193E606A00615661 /* PastepasswdTests.swift */; };
		56243B65193E60FC00615661 /* PPPasswordViewController.swift in Sources */ = {isa = PBXBuildFile; fileRef = 56243B64193E60FC00615661 /* PPPasswordViewController.swift */; };
		5653C02C19A8B8BC002B8876 /* Utils.m in Sources */ = {isa = PBXBuildFile; fileRef = 5653C02B19A8B8BC002B8876 /* Utils.m */; };
		5668CE4E19BB796700C7382D /* PPPastepasswdViewController.swift in Sources */ = {isa = PBXBuildFile; fileRef = 5668CE4D19BB796700C7382D /* PPPastepasswdViewController.swift */; };
		567F8A9819C0686D001E8776 /* Crashlytics.framework in Frameworks */ = {isa = PBXBuildFile; fileRef = 567F8A9719C0686D001E8776 /* Crashlytics.framework */; };
		5682373019A504E500D98E14 /* PPPasswordView.swift in Sources */ = {isa = PBXBuildFile; fileRef = 5682372F19A504E500D98E14 /* PPPasswordView.swift */; };
		568990A119A9EB4F00DE0F41 /* PPSettingsTableViewCell.swift in Sources */ = {isa = PBXBuildFile; fileRef = 568990A019A9EB4F00DE0F41 /* PPSettingsTableViewCell.swift */; };
		569096E919B31E7900B6B309 /* PPPasswordController.swift in Sources */ = {isa = PBXBuildFile; fileRef = 569096E819B31E7900B6B309 /* PPPasswordController.swift */; };
		56E79646193F13800048DDBB /* PPPSettingsTableViewController.swift in Sources */ = {isa = PBXBuildFile; fileRef = 56E79645193F13800048DDBB /* PPPSettingsTableViewController.swift */; };
		860A03672CA6460C9AE78D71 /* libPods.a in Frameworks */ = {isa = PBXBuildFile; fileRef = 43C1F10DC02E47A190E3588B /* libPods.a */; };
/* End PBXBuildFile section */

/* Begin PBXContainerItemProxy section */
		56243B55193E606A00615661 /* PBXContainerItemProxy */ = {
			isa = PBXContainerItemProxy;
			containerPortal = 56243B3F193E606900615661 /* Project object */;
			proxyType = 1;
			remoteGlobalIDString = 56243B46193E606900615661;
			remoteInfo = Pastepasswd;
		};
/* End PBXContainerItemProxy section */

/* Begin PBXFileReference section */
		43C1F10DC02E47A190E3588B /* libPods.a */ = {isa = PBXFileReference; explicitFileType = archive.ar; includeInIndex = 0; path = libPods.a; sourceTree = BUILT_PRODUCTS_DIR; };
		5613E2B81A86203500B97410 /* AppsfireAdSDK.h */ = {isa = PBXFileReference; fileEncoding = 4; lastKnownFileType = sourcecode.c.h; path = AppsfireAdSDK.h; sourceTree = "<group>"; };
		5613E2B91A86203500B97410 /* AppsfireEngageSDK.h */ = {isa = PBXFileReference; fileEncoding = 4; lastKnownFileType = sourcecode.c.h; path = AppsfireEngageSDK.h; sourceTree = "<group>"; };
		5613E2BA1A86203500B97410 /* AppsfireSDK.h */ = {isa = PBXFileReference; fileEncoding = 4; lastKnownFileType = sourcecode.c.h; path = AppsfireSDK.h; sourceTree = "<group>"; };
		5613E2BB1A86203500B97410 /* AppsfireSDKConstants.h */ = {isa = PBXFileReference; fileEncoding = 4; lastKnownFileType = sourcecode.c.h; path = AppsfireSDKConstants.h; sourceTree = "<group>"; };
		5613E2BD1A86203500B97410 /* AFAdSDKIAP.h */ = {isa = PBXFileReference; fileEncoding = 4; lastKnownFileType = sourcecode.c.h; path = AFAdSDKIAP.h; sourceTree = "<group>"; };
		5613E2BE1A86203500B97410 /* AFAdSDKIAPProperty.h */ = {isa = PBXFileReference; fileEncoding = 4; lastKnownFileType = sourcecode.c.h; path = AFAdSDKIAPProperty.h; sourceTree = "<group>"; };
		5613E2BF1A86203500B97410 /* libAppsfireSDK.a */ = {isa = PBXFileReference; lastKnownFileType = archive.ar; path = libAppsfireSDK.a; sourceTree = "<group>"; };
		5613E2C11A86203500B97410 /* AFMedBannerView.h */ = {isa = PBXFileReference; fileEncoding = 4; lastKnownFileType = sourcecode.c.h; path = AFMedBannerView.h; sourceTree = "<group>"; };
		5613E2C21A86203500B97410 /* AFMedBannerViewCustomEvent.h */ = {isa = PBXFileReference; fileEncoding = 4; lastKnownFileType = sourcecode.c.h; path = AFMedBannerViewCustomEvent.h; sourceTree = "<group>"; };
		5613E2C31A86203500B97410 /* AFMedBannerViewCustomEventDelegate.h */ = {isa = PBXFileReference; fileEncoding = 4; lastKnownFileType = sourcecode.c.h; path = AFMedBannerViewCustomEventDelegate.h; sourceTree = "<group>"; };
		5613E2C41A86203500B97410 /* AFMedInfo.h */ = {isa = PBXFileReference; fileEncoding = 4; lastKnownFileType = sourcecode.c.h; path = AFMedInfo.h; sourceTree = "<group>"; };
		5613E2C51A86203500B97410 /* AFMedInterstitial.h */ = {isa = PBXFileReference; fileEncoding = 4; lastKnownFileType = sourcecode.c.h; path = AFMedInterstitial.h; sourceTree = "<group>"; };
		5613E2C61A86203500B97410 /* AFMedInterstitialCustomEvent.h */ = {isa = PBXFileReference; fileEncoding = 4; lastKnownFileType = sourcecode.c.h; path = AFMedInterstitialCustomEvent.h; sourceTree = "<group>"; };
		5613E2C71A86203500B97410 /* AFMedInterstitialCustomEventDelegate.h */ = {isa = PBXFileReference; fileEncoding = 4; lastKnownFileType = sourcecode.c.h; path = AFMedInterstitialCustomEventDelegate.h; sourceTree = "<group>"; };
		5613E2C91A86203500B97410 /* AFAdSDKAdBadgeView.h */ = {isa = PBXFileReference; fileEncoding = 4; lastKnownFileType = sourcecode.c.h; path = AFAdSDKAdBadgeView.h; sourceTree = "<group>"; };
		5613E2CA1A86203500B97410 /* AFAdSDKSashimiExtendedView.h */ = {isa = PBXFileReference; fileEncoding = 4; lastKnownFileType = sourcecode.c.h; path = AFAdSDKSashimiExtendedView.h; sourceTree = "<group>"; };
		5613E2CB1A86203500B97410 /* AFAdSDKSashimiMinimalView.h */ = {isa = PBXFileReference; fileEncoding = 4; lastKnownFileType = sourcecode.c.h; path = AFAdSDKSashimiMinimalView.h; sourceTree = "<group>"; };
		5613E2CC1A86203500B97410 /* AFAdSDKSashimiView.h */ = {isa = PBXFileReference; fileEncoding = 4; lastKnownFileType = sourcecode.c.h; path = AFAdSDKSashimiView.h; sourceTree = "<group>"; };
		5613E2CD1A86203500B97410 /* AFAdSDKUdonNoodleControl.h */ = {isa = PBXFileReference; fileEncoding = 4; lastKnownFileType = sourcecode.c.h; path = AFAdSDKUdonNoodleControl.h; sourceTree = "<group>"; };
		5613E2CF1A86216100B97410 /* AdSupport.framework */ = {isa = PBXFileReference; lastKnownFileType = wrapper.framework; name = AdSupport.framework; path = System/Library/Frameworks/AdSupport.framework; sourceTree = SDKROOT; };
		5613E2D11A86217200B97410 /* StoreKit.framework */ = {isa = PBXFileReference; lastKnownFileType = wrapper.framework; name = StoreKit.framework; path = System/Library/Frameworks/StoreKit.framework; sourceTree = SDKROOT; };
		5613E2D31A86218700B97410 /* Accelerate.framework */ = {isa = PBXFileReference; lastKnownFileType = wrapper.framework; name = Accelerate.framework; path = System/Library/Frameworks/Accelerate.framework; sourceTree = SDKROOT; };
		5613E2D51A86218E00B97410 /* Security.framework */ = {isa = PBXFileReference; lastKnownFileType = wrapper.framework; name = Security.framework; path = System/Library/Frameworks/Security.framework; sourceTree = SDKROOT; };
		5613E2D71A86219400B97410 /* MobileCoreServices.framework */ = {isa = PBXFileReference; lastKnownFileType = wrapper.framework; name = MobileCoreServices.framework; path = System/Library/Frameworks/MobileCoreServices.framework; sourceTree = SDKROOT; };
		5613E2D91A8621A100B97410 /* SystemConfiguration.framework */ = {isa = PBXFileReference; lastKnownFileType = wrapper.framework; name = SystemConfiguration.framework; path = System/Library/Frameworks/SystemConfiguration.framework; sourceTree = SDKROOT; };
		56243B47193E606900615661 /* Pastepasswd.app */ = {isa = PBXFileReference; explicitFileType = wrapper.application; includeInIndex = 0; path = Pastepasswd.app; sourceTree = BUILT_PRODUCTS_DIR; };
		56243B4B193E606900615661 /* Info.plist */ = {isa = PBXFileReference; lastKnownFileType = text.plist.xml; path = Info.plist; sourceTree = "<group>"; };
		56243B4C193E606900615661 /* PPAppDelegate.swift */ = {isa = PBXFileReference; lastKnownFileType = sourcecode.swift; path = PPAppDelegate.swift; sourceTree = "<group>"; };
		56243B4E193E606900615661 /* Images.xcassets */ = {isa = PBXFileReference; lastKnownFileType = folder.assetcatalog; path = Images.xcassets; sourceTree = "<group>"; };
		56243B54193E606A00615661 /* PastepasswdTests.xctest */ = {isa = PBXFileReference; explicitFileType = wrapper.cfbundle; includeInIndex = 0; path = PastepasswdTests.xctest; sourceTree = BUILT_PRODUCTS_DIR; };
		56243B59193E606A00615661 /* Info.plist */ = {isa = PBXFileReference; lastKnownFileType = text.plist.xml; path = Info.plist; sourceTree = "<group>"; };
		56243B5A193E606A00615661 /* PastepasswdTests.swift */ = {isa = PBXFileReference; lastKnownFileType = sourcecode.swift; path = PastepasswdTests.swift; sourceTree = "<group>"; };
		56243B64193E60FC00615661 /* PPPasswordViewController.swift */ = {isa = PBXFileReference; fileEncoding = 4; lastKnownFileType = sourcecode.swift; path = PPPasswordViewController.swift; sourceTree = "<group>"; };
		5653C02A19A8B8BC002B8876 /* Utils.h */ = {isa = PBXFileReference; fileEncoding = 4; lastKnownFileType = sourcecode.c.h; path = Utils.h; sourceTree = "<group>"; };
		5653C02B19A8B8BC002B8876 /* Utils.m */ = {isa = PBXFileReference; fileEncoding = 4; lastKnownFileType = sourcecode.c.objc; path = Utils.m; sourceTree = "<group>"; };
		5668CE4D19BB796700C7382D /* PPPastepasswdViewController.swift */ = {isa = PBXFileReference; fileEncoding = 4; lastKnownFileType = sourcecode.swift; path = PPPastepasswdViewController.swift; sourceTree = "<group>"; };
		567F8A9719C0686D001E8776 /* Crashlytics.framework */ = {isa = PBXFileReference; lastKnownFileType = wrapper.framework; name = Crashlytics.framework; path = Vendor/Crashlytics/Crashlytics.framework; sourceTree = "<group>"; };
		5682372F19A504E500D98E14 /* PPPasswordView.swift */ = {isa = PBXFileReference; fileEncoding = 4; lastKnownFileType = sourcecode.swift; path = PPPasswordView.swift; sourceTree = "<group>"; };
		568990A019A9EB4F00DE0F41 /* PPSettingsTableViewCell.swift */ = {isa = PBXFileReference; fileEncoding = 4; lastKnownFileType = sourcecode.swift; path = PPSettingsTableViewCell.swift; sourceTree = "<group>"; };
		569096E819B31E7900B6B309 /* PPPasswordController.swift */ = {isa = PBXFileReference; fileEncoding = 4; lastKnownFileType = sourcecode.swift; path = PPPasswordController.swift; sourceTree = "<group>"; };
		56E79645193F13800048DDBB /* PPPSettingsTableViewController.swift */ = {isa = PBXFileReference; fileEncoding = 4; lastKnownFileType = sourcecode.swift; path = PPPSettingsTableViewController.swift; sourceTree = "<group>"; };
		56F36DC219A4C01A00D233CF /* Pastepasswd-Bridging-Header.h */ = {isa = PBXFileReference; lastKnownFileType = sourcecode.c.h; path = "Pastepasswd-Bridging-Header.h"; sourceTree = "<group>"; };
		9335A7685B7F499FAADBD9C4 /* Pods.xcconfig */ = {isa = PBXFileReference; includeInIndex = 1; lastKnownFileType = text.xcconfig; name = Pods.xcconfig; path = Pods/Pods.xcconfig; sourceTree = "<group>"; };
/* End PBXFileReference section */

/* Begin PBXFrameworksBuildPhase section */
		56243B44193E606900615661 /* Frameworks */ = {
			isa = PBXFrameworksBuildPhase;
			buildActionMask = 2147483647;
			files = (
				5613E2DA1A8621A100B97410 /* SystemConfiguration.framework in Frameworks */,
				5613E2D81A86219400B97410 /* MobileCoreServices.framework in Frameworks */,
				5613E2D61A86218E00B97410 /* Security.framework in Frameworks */,
				5613E2D41A86218700B97410 /* Accelerate.framework in Frameworks */,
				5613E2D21A86217200B97410 /* StoreKit.framework in Frameworks */,
				5613E2D01A86216100B97410 /* AdSupport.framework in Frameworks */,
				567F8A9819C0686D001E8776 /* Crashlytics.framework in Frameworks */,
				5613E2CE1A86203500B97410 /* libAppsfireSDK.a in Frameworks */,
				860A03672CA6460C9AE78D71 /* libPods.a in Frameworks */,
			);
			runOnlyForDeploymentPostprocessing = 0;
		};
		56243B51193E606A00615661 /* Frameworks */ = {
			isa = PBXFrameworksBuildPhase;
			buildActionMask = 2147483647;
			files = (
			);
			runOnlyForDeploymentPostprocessing = 0;
		};
/* End PBXFrameworksBuildPhase section */

/* Begin PBXGroup section */
		5613BF9719C05FFA006D6BF3 /* Obj-C */ = {
			isa = PBXGroup;
			children = (
				5653C02A19A8B8BC002B8876 /* Utils.h */,
				5653C02B19A8B8BC002B8876 /* Utils.m */,
			);
			name = "Obj-C";
			sourceTree = "<group>";
		};
		5613E2B71A86203500B97410 /* appsfire-sdk */ = {
			isa = PBXGroup;
			children = (
				5613E2B81A86203500B97410 /* AppsfireAdSDK.h */,
				5613E2B91A86203500B97410 /* AppsfireEngageSDK.h */,
				5613E2BA1A86203500B97410 /* AppsfireSDK.h */,
				5613E2BB1A86203500B97410 /* AppsfireSDKConstants.h */,
				5613E2BC1A86203500B97410 /* iap */,
				5613E2BF1A86203500B97410 /* libAppsfireSDK.a */,
				5613E2C01A86203500B97410 /* mediation */,
				5613E2C81A86203500B97410 /* sashimi */,
			);
			name = "appsfire-sdk";
			path = "Vendor/appsfire-sdk";
			sourceTree = "<group>";
		};
		5613E2BC1A86203500B97410 /* iap */ = {
			isa = PBXGroup;
			children = (
				5613E2BD1A86203500B97410 /* AFAdSDKIAP.h */,
				5613E2BE1A86203500B97410 /* AFAdSDKIAPProperty.h */,
			);
			path = iap;
			sourceTree = "<group>";
		};
		5613E2C01A86203500B97410 /* mediation */ = {
			isa = PBXGroup;
			children = (
				5613E2C11A86203500B97410 /* AFMedBannerView.h */,
				5613E2C21A86203500B97410 /* AFMedBannerViewCustomEvent.h */,
				5613E2C31A86203500B97410 /* AFMedBannerViewCustomEventDelegate.h */,
				5613E2C41A86203500B97410 /* AFMedInfo.h */,
				5613E2C51A86203500B97410 /* AFMedInterstitial.h */,
				5613E2C61A86203500B97410 /* AFMedInterstitialCustomEvent.h */,
				5613E2C71A86203500B97410 /* AFMedInterstitialCustomEventDelegate.h */,
			);
			path = mediation;
			sourceTree = "<group>";
		};
		5613E2C81A86203500B97410 /* sashimi */ = {
			isa = PBXGroup;
			children = (
				5613E2C91A86203500B97410 /* AFAdSDKAdBadgeView.h */,
				5613E2CA1A86203500B97410 /* AFAdSDKSashimiExtendedView.h */,
				5613E2CB1A86203500B97410 /* AFAdSDKSashimiMinimalView.h */,
				5613E2CC1A86203500B97410 /* AFAdSDKSashimiView.h */,
				5613E2CD1A86203500B97410 /* AFAdSDKUdonNoodleControl.h */,
			);
			path = sashimi;
			sourceTree = "<group>";
		};
		56243B3E193E606900615661 = {
			isa = PBXGroup;
			children = (
				562D565219B306C9000D89DF /* Vendor */,
				56243B49193E606900615661 /* Pastepasswd */,
				56243B57193E606A00615661 /* PastepasswdTests */,
				56243B48193E606900615661 /* Products */,
				56F36DC219A4C01A00D233CF /* Pastepasswd-Bridging-Header.h */,
				9335A7685B7F499FAADBD9C4 /* Pods.xcconfig */,
				FC65A2ACAFCC4D48B50DBE19 /* Frameworks */,
			);
			sourceTree = "<group>";
		};
		56243B48193E606900615661 /* Products */ = {
			isa = PBXGroup;
			children = (
				56243B47193E606900615661 /* Pastepasswd.app */,
				56243B54193E606A00615661 /* PastepasswdTests.xctest */,
			);
			name = Products;
			sourceTree = "<group>";
		};
		56243B49193E606900615661 /* Pastepasswd */ = {
			isa = PBXGroup;
			children = (
				56243B4C193E606900615661 /* PPAppDelegate.swift */,
				5613BF9719C05FFA006D6BF3 /* Obj-C */,
				56243B4E193E606900615661 /* Images.xcassets */,
				56243B4A193E606900615661 /* Supporting Files */,
				56243B64193E60FC00615661 /* PPPasswordViewController.swift */,
				56E79645193F13800048DDBB /* PPPSettingsTableViewController.swift */,
				5682372F19A504E500D98E14 /* PPPasswordView.swift */,
				568990A019A9EB4F00DE0F41 /* PPSettingsTableViewCell.swift */,
				569096E819B31E7900B6B309 /* PPPasswordController.swift */,
				5668CE4D19BB796700C7382D /* PPPastepasswdViewController.swift */,
			);
			path = Pastepasswd;
			sourceTree = "<group>";
		};
		56243B4A193E606900615661 /* Supporting Files */ = {
			isa = PBXGroup;
			children = (
				56243B4B193E606900615661 /* Info.plist */,
			);
			name = "Supporting Files";
			sourceTree = "<group>";
		};
		56243B57193E606A00615661 /* PastepasswdTests */ = {
			isa = PBXGroup;
			children = (
				56243B5A193E606A00615661 /* PastepasswdTests.swift */,
				56243B58193E606A00615661 /* Supporting Files */,
			);
			path = PastepasswdTests;
			sourceTree = "<group>";
		};
		56243B58193E606A00615661 /* Supporting Files */ = {
			isa = PBXGroup;
			children = (
				56243B59193E606A00615661 /* Info.plist */,
			);
			name = "Supporting Files";
			sourceTree = "<group>";
		};
		562D565219B306C9000D89DF /* Vendor */ = {
			isa = PBXGroup;
			children = (
				5613E2B71A86203500B97410 /* appsfire-sdk */,
				567F8A9919C06872001E8776 /* Crashlytics */,
			);
			name = Vendor;
			sourceTree = "<group>";
		};
		567F8A9919C06872001E8776 /* Crashlytics */ = {
			isa = PBXGroup;
			children = (
				567F8A9719C0686D001E8776 /* Crashlytics.framework */,
			);
			name = Crashlytics;
			sourceTree = "<group>";
		};
		FC65A2ACAFCC4D48B50DBE19 /* Frameworks */ = {
			isa = PBXGroup;
			children = (
				5613E2D91A8621A100B97410 /* SystemConfiguration.framework */,
				5613E2D71A86219400B97410 /* MobileCoreServices.framework */,
				5613E2D51A86218E00B97410 /* Security.framework */,
				5613E2D31A86218700B97410 /* Accelerate.framework */,
				5613E2D11A86217200B97410 /* StoreKit.framework */,
				5613E2CF1A86216100B97410 /* AdSupport.framework */,
				43C1F10DC02E47A190E3588B /* libPods.a */,
			);
			name = Frameworks;
			sourceTree = "<group>";
		};
/* End PBXGroup section */

/* Begin PBXNativeTarget section */
		56243B46193E606900615661 /* Pastepasswd */ = {
			isa = PBXNativeTarget;
			buildConfigurationList = 56243B5E193E606A00615661 /* Build configuration list for PBXNativeTarget "Pastepasswd" */;
			buildPhases = (
				FA28F2B9314C4C1CBB6B4492 /* Check Pods Manifest.lock */,
				56243B43193E606900615661 /* Sources */,
				56243B44193E606900615661 /* Frameworks */,
				56243B45193E606900615661 /* Resources */,
				377E1CF4198F4C2FA1AE11EC /* Copy Pods Resources */,
				5613BF9619C05F49006D6BF3 /* ShellScript */,
				567F8A9A19C06897001E8776 /* ShellScript */,
			);
			buildRules = (
			);
			dependencies = (
			);
			name = Pastepasswd;
			productName = Pastepasswd;
			productReference = 56243B47193E606900615661 /* Pastepasswd.app */;
			productType = "com.apple.product-type.application";
		};
		56243B53193E606A00615661 /* PastepasswdTests */ = {
			isa = PBXNativeTarget;
			buildConfigurationList = 56243B61193E606A00615661 /* Build configuration list for PBXNativeTarget "PastepasswdTests" */;
			buildPhases = (
				56243B50193E606A00615661 /* Sources */,
				56243B51193E606A00615661 /* Frameworks */,
				56243B52193E606A00615661 /* Resources */,
			);
			buildRules = (
			);
			dependencies = (
				56243B56193E606A00615661 /* PBXTargetDependency */,
			);
			name = PastepasswdTests;
			productName = PastepasswdTests;
			productReference = 56243B54193E606A00615661 /* PastepasswdTests.xctest */;
			productType = "com.apple.product-type.bundle.unit-test";
		};
/* End PBXNativeTarget section */

/* Begin PBXProject section */
		56243B3F193E606900615661 /* Project object */ = {
			isa = PBXProject;
			attributes = {
				LastUpgradeCheck = 0600;
				ORGANIZATIONNAME = "Spiros Gerokostas";
				TargetAttributes = {
					56243B46193E606900615661 = {
						CreatedOnToolsVersion = 6.0;
						DevelopmentTeam = A22EW7MN8G;
					};
					56243B53193E606A00615661 = {
						CreatedOnToolsVersion = 6.0;
						TestTargetID = 56243B46193E606900615661;
					};
				};
			};
			buildConfigurationList = 56243B42193E606900615661 /* Build configuration list for PBXProject "Pastepasswd" */;
			compatibilityVersion = "Xcode 3.2";
			developmentRegion = English;
			hasScannedForEncodings = 0;
			knownRegions = (
				en,
			);
			mainGroup = 56243B3E193E606900615661;
			productRefGroup = 56243B48193E606900615661 /* Products */;
			projectDirPath = "";
			projectRoot = "";
			targets = (
				56243B46193E606900615661 /* Pastepasswd */,
				56243B53193E606A00615661 /* PastepasswdTests */,
			);
		};
/* End PBXProject section */

/* Begin PBXResourcesBuildPhase section */
		56243B45193E606900615661 /* Resources */ = {
			isa = PBXResourcesBuildPhase;
			buildActionMask = 2147483647;
			files = (
				56243B4F193E606900615661 /* Images.xcassets in Resources */,
			);
			runOnlyForDeploymentPostprocessing = 0;
		};
		56243B52193E606A00615661 /* Resources */ = {
			isa = PBXResourcesBuildPhase;
			buildActionMask = 2147483647;
			files = (
			);
			runOnlyForDeploymentPostprocessing = 0;
		};
/* End PBXResourcesBuildPhase section */

/* Begin PBXShellScriptBuildPhase section */
		377E1CF4198F4C2FA1AE11EC /* Copy Pods Resources */ = {
			isa = PBXShellScriptBuildPhase;
			buildActionMask = 2147483647;
			files = (
			);
			inputPaths = (
			);
			name = "Copy Pods Resources";
			outputPaths = (
			);
			runOnlyForDeploymentPostprocessing = 0;
			shellPath = /bin/sh;
			shellScript = "\"${SRCROOT}/Pods/Pods-resources.sh\"\n";
			showEnvVarsInLog = 0;
		};
		5613BF9619C05F49006D6BF3 /* ShellScript */ = {
			isa = PBXShellScriptBuildPhase;
			buildActionMask = 2147483647;
			files = (
			);
			inputPaths = (
			);
			outputPaths = (
			);
			runOnlyForDeploymentPostprocessing = 0;
			shellPath = /bin/sh;
			shellScript = "# xcode-build-bump.sh\n# @desc Auto-increment the build number every time the project is run.\n# @usage\n# 1. Select: your Target in Xcode\n# 2. Select: Build Phases Tab\n# 3. Select: Add Build Phase -> Add Run Script\n# 4. Paste code below in to new \"Run Script\" section\n# 5. Drag the \"Run Script\" below \"Link Binaries With Libraries\"\n# 6. Insure that your starting build number is set to a whole integer and not a float (e.g. 1, not 1.0)\n\nbuildNumber=$(/usr/libexec/PlistBuddy -c \"Print CFBundleVersion\" \"${PROJECT_DIR}/${INFOPLIST_FILE}\")\nbuildNumber=$(($buildNumber + 1))\n/usr/libexec/PlistBuddy -c \"Set :CFBundleVersion $buildNumber\" \"${PROJECT_DIR}/${INFOPLIST_FILE}\"";
		};
		567F8A9A19C06897001E8776 /* ShellScript */ = {
			isa = PBXShellScriptBuildPhase;
			buildActionMask = 2147483647;
			files = (
			);
			inputPaths = (
			);
			outputPaths = (
			);
			runOnlyForDeploymentPostprocessing = 0;
			shellPath = /bin/sh;
			shellScript = "./Vendor/Crashlytics/Crashlytics.framework/run 88300c2a59d5352c19153a01c6671ab3339d663e 6365883efd310f74cbfc6417d341fef3d8ffdc069ab00826bde1b7645eaf54ed";
		};
		FA28F2B9314C4C1CBB6B4492 /* Check Pods Manifest.lock */ = {
			isa = PBXShellScriptBuildPhase;
			buildActionMask = 2147483647;
			files = (
			);
			inputPaths = (
			);
			name = "Check Pods Manifest.lock";
			outputPaths = (
			);
			runOnlyForDeploymentPostprocessing = 0;
			shellPath = /bin/sh;
			shellScript = "diff \"${PODS_ROOT}/../Podfile.lock\" \"${PODS_ROOT}/Manifest.lock\" > /dev/null\nif [[ $? != 0 ]] ; then\n    cat << EOM\nerror: The sandbox is not in sync with the Podfile.lock. Run 'pod install' or update your CocoaPods installation.\nEOM\n    exit 1\nfi\n";
			showEnvVarsInLog = 0;
		};
/* End PBXShellScriptBuildPhase section */

/* Begin PBXSourcesBuildPhase section */
		56243B43193E606900615661 /* Sources */ = {
			isa = PBXSourcesBuildPhase;
			buildActionMask = 2147483647;
			files = (
				56E79646193F13800048DDBB /* PPPSettingsTableViewController.swift in Sources */,
				56243B4D193E606900615661 /* PPAppDelegate.swift in Sources */,
				5682373019A504E500D98E14 /* PPPasswordView.swift in Sources */,
				5653C02C19A8B8BC002B8876 /* Utils.m in Sources */,
				569096E919B31E7900B6B309 /* PPPasswordController.swift in Sources */,
				568990A119A9EB4F00DE0F41 /* PPSettingsTableViewCell.swift in Sources */,
				5668CE4E19BB796700C7382D /* PPPastepasswdViewController.swift in Sources */,
				56243B65193E60FC00615661 /* PPPasswordViewController.swift in Sources */,
			);
			runOnlyForDeploymentPostprocessing = 0;
		};
		56243B50193E606A00615661 /* Sources */ = {
			isa = PBXSourcesBuildPhase;
			buildActionMask = 2147483647;
			files = (
				56243B5B193E606A00615661 /* PastepasswdTests.swift in Sources */,
			);
			runOnlyForDeploymentPostprocessing = 0;
		};
/* End PBXSourcesBuildPhase section */

/* Begin PBXTargetDependency section */
		56243B56193E606A00615661 /* PBXTargetDependency */ = {
			isa = PBXTargetDependency;
			target = 56243B46193E606900615661 /* Pastepasswd */;
			targetProxy = 56243B55193E606A00615661 /* PBXContainerItemProxy */;
		};
/* End PBXTargetDependency section */

/* Begin XCBuildConfiguration section */
		56243B5C193E606A00615661 /* Debug */ = {
			isa = XCBuildConfiguration;
			buildSettings = {
				ALWAYS_SEARCH_USER_PATHS = NO;
				CLANG_CXX_LANGUAGE_STANDARD = "gnu++0x";
				CLANG_CXX_LIBRARY = "libc++";
				CLANG_ENABLE_MODULES = YES;
				CLANG_ENABLE_OBJC_ARC = YES;
				CLANG_WARN_BOOL_CONVERSION = YES;
				CLANG_WARN_CONSTANT_CONVERSION = YES;
				CLANG_WARN_DIRECT_OBJC_ISA_USAGE = YES_ERROR;
				CLANG_WARN_EMPTY_BODY = YES;
				CLANG_WARN_ENUM_CONVERSION = YES;
				CLANG_WARN_INT_CONVERSION = YES;
				CLANG_WARN_OBJC_ROOT_CLASS = YES_ERROR;
				CLANG_WARN_UNREACHABLE_CODE = YES;
				CLANG_WARN__DUPLICATE_METHOD_MATCH = YES;
				"CODE_SIGN_IDENTITY[sdk=iphoneos*]" = "iPhone Developer";
				COPY_PHASE_STRIP = NO;
				ENABLE_STRICT_OBJC_MSGSEND = YES;
				GCC_C_LANGUAGE_STANDARD = gnu99;
				GCC_DYNAMIC_NO_PIC = NO;
				GCC_OPTIMIZATION_LEVEL = 0;
				GCC_PREPROCESSOR_DEFINITIONS = (
					"DEBUG=1",
					"$(inherited)",
				);
				GCC_SYMBOLS_PRIVATE_EXTERN = NO;
				GCC_WARN_64_TO_32_BIT_CONVERSION = YES;
				GCC_WARN_ABOUT_RETURN_TYPE = YES_ERROR;
				GCC_WARN_UNDECLARED_SELECTOR = YES;
				GCC_WARN_UNINITIALIZED_AUTOS = YES_AGGRESSIVE;
				GCC_WARN_UNUSED_FUNCTION = YES;
				GCC_WARN_UNUSED_VARIABLE = YES;
				IPHONEOS_DEPLOYMENT_TARGET = 8.0;
				METAL_ENABLE_DEBUG_INFO = YES;
				ONLY_ACTIVE_ARCH = YES;
				SDKROOT = iphoneos;
				SWIFT_OPTIMIZATION_LEVEL = "-Onone";
			};
			name = Debug;
		};
		56243B5D193E606A00615661 /* Release */ = {
			isa = XCBuildConfiguration;
			buildSettings = {
				ALWAYS_SEARCH_USER_PATHS = NO;
				CLANG_CXX_LANGUAGE_STANDARD = "gnu++0x";
				CLANG_CXX_LIBRARY = "libc++";
				CLANG_ENABLE_MODULES = YES;
				CLANG_ENABLE_OBJC_ARC = YES;
				CLANG_WARN_BOOL_CONVERSION = YES;
				CLANG_WARN_CONSTANT_CONVERSION = YES;
				CLANG_WARN_DIRECT_OBJC_ISA_USAGE = YES_ERROR;
				CLANG_WARN_EMPTY_BODY = YES;
				CLANG_WARN_ENUM_CONVERSION = YES;
				CLANG_WARN_INT_CONVERSION = YES;
				CLANG_WARN_OBJC_ROOT_CLASS = YES_ERROR;
				CLANG_WARN_UNREACHABLE_CODE = YES;
				CLANG_WARN__DUPLICATE_METHOD_MATCH = YES;
				"CODE_SIGN_IDENTITY[sdk=iphoneos*]" = "iPhone Developer";
				COPY_PHASE_STRIP = YES;
				ENABLE_NS_ASSERTIONS = NO;
				ENABLE_STRICT_OBJC_MSGSEND = YES;
				GCC_C_LANGUAGE_STANDARD = gnu99;
				GCC_WARN_64_TO_32_BIT_CONVERSION = YES;
				GCC_WARN_ABOUT_RETURN_TYPE = YES_ERROR;
				GCC_WARN_UNDECLARED_SELECTOR = YES;
				GCC_WARN_UNINITIALIZED_AUTOS = YES_AGGRESSIVE;
				GCC_WARN_UNUSED_FUNCTION = YES;
				GCC_WARN_UNUSED_VARIABLE = YES;
				IPHONEOS_DEPLOYMENT_TARGET = 8.0;
				METAL_ENABLE_DEBUG_INFO = NO;
				SDKROOT = iphoneos;
				VALIDATE_PRODUCT = YES;
			};
			name = Release;
		};
		56243B5F193E606A00615661 /* Debug */ = {
			isa = XCBuildConfiguration;
			baseConfigurationReference = 9335A7685B7F499FAADBD9C4 /* Pods.xcconfig */;
			buildSettings = {
				ASSETCATALOG_COMPILER_APPICON_NAME = AppIcon;
				ASSETCATALOG_COMPILER_LAUNCHIMAGE_NAME = LaunchImage;
				CLANG_ENABLE_MODULES = YES;
				CODE_SIGN_IDENTITY = "iPhone Developer";
				FRAMEWORK_SEARCH_PATHS = (
					"$(inherited)",
					"$(PROJECT_DIR)/Vendor/Crashlytics",
				);
				INFOPLIST_FILE = Pastepasswd/Info.plist;
				IPHONEOS_DEPLOYMENT_TARGET = 7.0;
				LD_RUNPATH_SEARCH_PATHS = "$(inherited) @executable_path/Frameworks";
				LIBRARY_SEARCH_PATHS = (
					"$(inherited)",
					"$(PROJECT_DIR)/Vendor/appsfire-sdk",
				);
				PRODUCT_NAME = "$(TARGET_NAME)";
				SWIFT_OBJC_BRIDGING_HEADER = "Pastepasswd-Bridging-Header.h";
				SWIFT_OPTIMIZATION_LEVEL = "-Onone";
			};
			name = Debug;
		};
		56243B60193E606A00615661 /* Release */ = {
			isa = XCBuildConfiguration;
			baseConfigurationReference = 9335A7685B7F499FAADBD9C4 /* Pods.xcconfig */;
			buildSettings = {
				ASSETCATALOG_COMPILER_APPICON_NAME = AppIcon;
				ASSETCATALOG_COMPILER_LAUNCHIMAGE_NAME = LaunchImage;
				CLANG_ENABLE_MODULES = YES;
				CODE_SIGN_IDENTITY = "iPhone Developer";
				FRAMEWORK_SEARCH_PATHS = (
					"$(inherited)",
					"$(PROJECT_DIR)/Vendor/Crashlytics",
				);
				INFOPLIST_FILE = Pastepasswd/Info.plist;
				IPHONEOS_DEPLOYMENT_TARGET = 7.0;
				LD_RUNPATH_SEARCH_PATHS = "$(inherited) @executable_path/Frameworks";
				LIBRARY_SEARCH_PATHS = (
					"$(inherited)",
					"$(PROJECT_DIR)/Vendor/appsfire-sdk",
				);
				PRODUCT_NAME = "$(TARGET_NAME)";
				SWIFT_OBJC_BRIDGING_HEADER = "Pastepasswd-Bridging-Header.h";
			};
			name = Release;
		};
		56243B62193E606A00615661 /* Debug */ = {
			isa = XCBuildConfiguration;
			buildSettings = {
				BUNDLE_LOADER = "$(BUILT_PRODUCTS_DIR)/Pastepasswd.app/Pastepasswd";
				FRAMEWORK_SEARCH_PATHS = (
					"$(SDKROOT)/Developer/Library/Frameworks",
					"$(inherited)",
				);
				GCC_PREPROCESSOR_DEFINITIONS = (
					"DEBUG=1",
					"$(inherited)",
				);
				INFOPLIST_FILE = PastepasswdTests/Info.plist;
				LD_RUNPATH_SEARCH_PATHS = "$(inherited) @executable_path/Frameworks @loader_path/Frameworks";
				METAL_ENABLE_DEBUG_INFO = YES;
				PRODUCT_NAME = "$(TARGET_NAME)";
				TEST_HOST = "$(BUNDLE_LOADER)";
			};
			name = Debug;
		};
		56243B63193E606A00615661 /* Release */ = {
			isa = XCBuildConfiguration;
			buildSettings = {
				BUNDLE_LOADER = "$(BUILT_PRODUCTS_DIR)/Pastepasswd.app/Pastepasswd";
				FRAMEWORK_SEARCH_PATHS = (
					"$(SDKROOT)/Developer/Library/Frameworks",
					"$(inherited)",
				);
				INFOPLIST_FILE = PastepasswdTests/Info.plist;
				LD_RUNPATH_SEARCH_PATHS = "$(inherited) @executable_path/Frameworks @loader_path/Frameworks";
				METAL_ENABLE_DEBUG_INFO = NO;
				PRODUCT_NAME = "$(TARGET_NAME)";
				TEST_HOST = "$(BUNDLE_LOADER)";
			};
			name = Release;
		};
/* End XCBuildConfiguration section */

/* Begin XCConfigurationList section */
		56243B42193E606900615661 /* Build configuration list for PBXProject "Pastepasswd" */ = {
			isa = XCConfigurationList;
			buildConfigurations = (
				56243B5C193E606A00615661 /* Debug */,
				56243B5D193E606A00615661 /* Release */,
			);
			defaultConfigurationIsVisible = 0;
			defaultConfigurationName = Release;
		};
		56243B5E193E606A00615661 /* Build configuration list for PBXNativeTarget "Pastepasswd" */ = {
			isa = XCConfigurationList;
			buildConfigurations = (
				56243B5F193E606A00615661 /* Debug */,
				56243B60193E606A00615661 /* Release */,
			);
			defaultConfigurationIsVisible = 0;
			defaultConfigurationName = Release;
		};
		56243B61193E606A00615661 /* Build configuration list for PBXNativeTarget "PastepasswdTests" */ = {
			isa = XCConfigurationList;
			buildConfigurations = (
				56243B62193E606A00615661 /* Debug */,
				56243B63193E606A00615661 /* Release */,
			);
			defaultConfigurationIsVisible = 0;
			defaultConfigurationName = Release;
		};
/* End XCConfigurationList section */
	};
	rootObject = 56243B3F193E606900615661 /* Project object */;
}
